
Microsoft Visual Studio Solution File, Format Version 9.00
# Visual Studio 2005
Project("{F184B08F-C81C-45F6-A57F-5ABD9991F28F}") = "Example3", "Example3\Example3.vbproj", "{3F1D55F6-B076-4F5F-B92C-AC5893A01ADF}"
EndProject
Global
	GlobalSection(SolutionConfigurationPlatforms) = preSolution
		Debug|Any CPU = Debug|Any CPU
		Release|Any CPU = Release|Any CPU
	EndGlobalSection
	GlobalSection(ProjectConfigurationPlatforms) = postSolution
		{3F1D55F6-B076-4F5F-B92C-AC5893A01ADF}.Debug|Any CPU.ActiveCfg = Debug|Any CPU
		{3F1D55F6-B076-4F5F-B92C-AC5893A01ADF}.Debug|Any CPU.Build.0 = Debug|Any CPU
		{3F1D55F6-B076-4F5F-B92C-AC5893A01ADF}.Release|Any CPU.ActiveCfg = Release|Any CPU
		{3F1D55F6-B076-4F5F-B92C-AC5893A01ADF}.Release|Any CPU.Build.0 = Release|Any CPU
	EndGlobalSection
	GlobalSection(SolutionProperties) = preSolution
		HideSolutionNode = FALSE
	EndGlobalSection
EndGlobal
